
Microsoft Visual Studio Solution File, Format Version 12.00
# Visual Studio Version 17
VisualStudioVersion = 17.2.32519.379
MinimumVisualStudioVersion = 10.0.40219.1
Project("{FAE04EC0-301F-11D3-BF4B-00C04F79EFBC}") = "Weekdays", "Weekdays\Weekdays.csproj", "{F19BEEF5-2AC7-47CB-8D80-E3E2851DA2B2}"
EndProject
Global
	GlobalSection(SolutionConfigurationPlatforms) = preSolution
		Debug|Any CPU = Debug|Any CPU
		Release|Any CPU = Release|Any CPU
	EndGlobalSection
	GlobalSection(ProjectConfigurationPlatforms) = postSolution
		{F19BEEF5-2AC7-47CB-8D80-E3E2851DA2B2}.Debug|Any CPU.ActiveCfg = Debug|Any CPU
		{F19BEEF5-2AC7-47CB-8D80-E3E2851DA2B2}.Debug|Any CPU.Build.0 = Debug|Any CPU
		{F19BEEF5-2AC7-47CB-8D80-E3E2851DA2B2}.Release|Any CPU.ActiveCfg = Release|Any CPU
		{F19BEEF5-2AC7-47CB-8D80-E3E2851DA2B2}.Release|Any CPU.Build.0 = Release|Any CPU
	EndGlobalSection
	GlobalSection(SolutionProperties) = preSolution
		HideSolutionNode = FALSE
	EndGlobalSection
	GlobalSection(ExtensibilityGlobals) = postSolution
		SolutionGuid = {C02ABED2-E0C8-4FAE-A353-E32DBBE59A5C}
	EndGlobalSection
EndGlobal
